
Microsoft Visual Studio Solution File, Format Version 12.00
# Visual Studio Version 17
VisualStudioVersion = 17.3.32922.545
MinimumVisualStudioVersion = 10.0.40219.1
Project("{FAE04EC0-301F-11D3-BF4B-00C04F79EFBC}") = "client", "client\client.csproj", "{9F3522C3-BDA1-42D3-B3DA-CD2F75192F6C}"
EndProject
Global
	GlobalSection(SolutionConfigurationPlatforms) = preSolution
		Debug|Any CPU = Debug|Any CPU
		Release|Any CPU = Release|Any CPU
	EndGlobalSection
	GlobalSection(ProjectConfigurationPlatforms) = postSolution
		{9F3522C3-BDA1-42D3-B3DA-CD2F75192F6C}.Debug|Any CPU.ActiveCfg = Debug|Any CPU
		{9F3522C3-BDA1-42D3-B3DA-CD2F75192F6C}.Debug|Any CPU.Build.0 = Debug|Any CPU
		{9F3522C3-BDA1-42D3-B3DA-CD2F75192F6C}.Release|Any CPU.ActiveCfg = Release|Any CPU
		{9F3522C3-BDA1-42D3-B3DA-CD2F75192F6C}.Release|Any CPU.Build.0 = Release|Any CPU
	EndGlobalSection
	GlobalSection(SolutionProperties) = preSolution
		HideSolutionNode = FALSE
	EndGlobalSection
	GlobalSection(ExtensibilityGlobals) = postSolution
		SolutionGuid = {FA81F817-242F-4366-B7CC-E9A307754668}
	EndGlobalSection
EndGlobal
